
Microsoft Visual Studio Solution File, Format Version 12.00
# Visual Studio Version 17
VisualStudioVersion = 17.9.34714.143
MinimumVisualStudioVersion = 10.0.40219.1
Project("{2150E333-8FDC-42A3-9474-1A3956D46DE8}") = "src", "src", "{C7D08615-3B28-4AEC-BE04-94E392D52EAE}"
EndProject
Project("{9A19103F-16F7-4668-BE54-9A1E7A4F7556}") = "Core", "src\Core\Core.csproj", "{BCA99241-2843-4AB4-8724-1031FF24EB4D}"
EndProject
Project("{9A19103F-16F7-4668-BE54-9A1E7A4F7556}") = "Application", "src\Application\Application.csproj", "{D41F5263-75F8-4BD7-8E1A-5C2FC4CE394A}"
EndProject
Project("{9A19103F-16F7-4668-BE54-9A1E7A4F7556}") = "Infrastructure", "src\Infrastructure\Infrastructure.csproj", "{9A66F6A1-A51F-4714-A4F4-CEBE26A99E48}"
EndProject
Project("{9A19103F-16F7-4668-BE54-9A1E7A4F7556}") = "CustomerWebApi", "src\CustomerWebApi\CustomerWebApi.csproj", "{E3D87722-3DD9-420B-B9D9-E1271E87069E}"
EndProject
Project("{9A19103F-16F7-4668-BE54-9A1E7A4F7556}") = "ProposalWebApi", "src\ProposalWebApi\ProposalWebApi.csproj", "{8727F1EB-5CF1-4197-98B8-A41CC55D7714}"
EndProject
Project("{9A19103F-16F7-4668-BE54-9A1E7A4F7556}") = "CardWebApi", "src\CardWebApi\CardWebApi.csproj", "{4F04C36C-2F73-4B2E-AC5E-BFC5C8996C8D}"
EndProject
Project("{9A19103F-16F7-4668-BE54-9A1E7A4F7556}") = "Worker", "src\Worker\Worker.csproj", "{428010C5-CF5E-4809-8BD4-9170C2767C93}"
EndProject
Project("{2150E333-8FDC-42A3-9474-1A3956D46DE8}") = "Itens de Solução", "Itens de Solução", "{E02C7F82-4BAE-4E18-A9A7-2141059471B2}"
	ProjectSection(SolutionItems) = preProject
		solutionItems\compose.yaml = solutionItems\compose.yaml
	EndProjectSection
EndProject
Project("{9A19103F-16F7-4668-BE54-9A1E7A4F7556}") = "CustomerWebApiUnitTests", "tests\CustomerWebApiUnitTests\CustomerWebApiUnitTests.csproj", "{3837D72F-679E-4DED-AFC7-DBF2EFD99E01}"
EndProject
Project("{9A19103F-16F7-4668-BE54-9A1E7A4F7556}") = "TestsCommon", "tests\TestsCommon\TestsCommon.csproj", "{746F9707-EDBC-4AA0-BA7A-FAEA6228FEE9}"
EndProject
Project("{9A19103F-16F7-4668-BE54-9A1E7A4F7556}") = "ProposalWebApiUnitTests", "tests\ProposalWebApiUnitTests\ProposalWebApiUnitTests.csproj", "{37E4AA20-0E2D-4CF2-BA0E-AA5CF6ACDF70}"
EndProject
Project("{2150E333-8FDC-42A3-9474-1A3956D46DE8}") = "tests", "tests", "{4A8E283A-6932-4D51-BED3-3503719CECD4}"
EndProject
Project("{9A19103F-16F7-4668-BE54-9A1E7A4F7556}") = "CardWebApiUnitTests", "tests\CardWebApiUnitTests\CardWebApiUnitTests.csproj", "{37B80F93-CE1B-48FC-BC07-2139306078C2}"
EndProject
Project("{FAE04EC0-301F-11D3-BF4B-00C04F79EFBC}") = "IntegrationTests", "tests\IntegrationTests\IntegrationTests.csproj", "{E0CC531C-F7C3-4E65-85D0-67083F2D67E7}"
EndProject
Global
	GlobalSection(SolutionConfigurationPlatforms) = preSolution
		Debug|Any CPU = Debug|Any CPU
		Release|Any CPU = Release|Any CPU
	EndGlobalSection
	GlobalSection(ProjectConfigurationPlatforms) = postSolution
		{BCA99241-2843-4AB4-8724-1031FF24EB4D}.Debug|Any CPU.ActiveCfg = Debug|Any CPU
		{BCA99241-2843-4AB4-8724-1031FF24EB4D}.Debug|Any CPU.Build.0 = Debug|Any CPU
		{BCA99241-2843-4AB4-8724-1031FF24EB4D}.Release|Any CPU.ActiveCfg = Release|Any CPU
		{BCA99241-2843-4AB4-8724-1031FF24EB4D}.Release|Any CPU.Build.0 = Release|Any CPU
		{D41F5263-75F8-4BD7-8E1A-5C2FC4CE394A}.Debug|Any CPU.ActiveCfg = Debug|Any CPU
		{D41F5263-75F8-4BD7-8E1A-5C2FC4CE394A}.Debug|Any CPU.Build.0 = Debug|Any CPU
		{D41F5263-75F8-4BD7-8E1A-5C2FC4CE394A}.Release|Any CPU.ActiveCfg = Release|Any CPU
		{D41F5263-75F8-4BD7-8E1A-5C2FC4CE394A}.Release|Any CPU.Build.0 = Release|Any CPU
		{9A66F6A1-A51F-4714-A4F4-CEBE26A99E48}.Debug|Any CPU.ActiveCfg = Debug|Any CPU
		{9A66F6A1-A51F-4714-A4F4-CEBE26A99E48}.Debug|Any CPU.Build.0 = Debug|Any CPU
		{9A66F6A1-A51F-4714-A4F4-CEBE26A99E48}.Release|Any CPU.ActiveCfg = Release|Any CPU
		{9A66F6A1-A51F-4714-A4F4-CEBE26A99E48}.Release|Any CPU.Build.0 = Release|Any CPU
		{E3D87722-3DD9-420B-B9D9-E1271E87069E}.Debug|Any CPU.ActiveCfg = Debug|Any CPU
		{E3D87722-3DD9-420B-B9D9-E1271E87069E}.Debug|Any CPU.Build.0 = Debug|Any CPU
		{E3D87722-3DD9-420B-B9D9-E1271E87069E}.Release|Any CPU.ActiveCfg = Release|Any CPU
		{E3D87722-3DD9-420B-B9D9-E1271E87069E}.Release|Any CPU.Build.0 = Release|Any CPU
		{8727F1EB-5CF1-4197-98B8-A41CC55D7714}.Debug|Any CPU.ActiveCfg = Debug|Any CPU
		{8727F1EB-5CF1-4197-98B8-A41CC55D7714}.Debug|Any CPU.Build.0 = Debug|Any CPU
		{8727F1EB-5CF1-4197-98B8-A41CC55D7714}.Release|Any CPU.ActiveCfg = Release|Any CPU
		{8727F1EB-5CF1-4197-98B8-A41CC55D7714}.Release|Any CPU.Build.0 = Release|Any CPU
		{4F04C36C-2F73-4B2E-AC5E-BFC5C8996C8D}.Debug|Any CPU.ActiveCfg = Debug|Any CPU
		{4F04C36C-2F73-4B2E-AC5E-BFC5C8996C8D}.Debug|Any CPU.Build.0 = Debug|Any CPU
		{4F04C36C-2F73-4B2E-AC5E-BFC5C8996C8D}.Release|Any CPU.ActiveCfg = Release|Any CPU
		{4F04C36C-2F73-4B2E-AC5E-BFC5C8996C8D}.Release|Any CPU.Build.0 = Release|Any CPU
		{428010C5-CF5E-4809-8BD4-9170C2767C93}.Debug|Any CPU.ActiveCfg = Debug|Any CPU
		{428010C5-CF5E-4809-8BD4-9170C2767C93}.Debug|Any CPU.Build.0 = Debug|Any CPU
		{428010C5-CF5E-4809-8BD4-9170C2767C93}.Release|Any CPU.ActiveCfg = Release|Any CPU
		{428010C5-CF5E-4809-8BD4-9170C2767C93}.Release|Any CPU.Build.0 = Release|Any CPU
		{3837D72F-679E-4DED-AFC7-DBF2EFD99E01}.Debug|Any CPU.ActiveCfg = Debug|Any CPU
		{3837D72F-679E-4DED-AFC7-DBF2EFD99E01}.Debug|Any CPU.Build.0 = Debug|Any CPU
		{3837D72F-679E-4DED-AFC7-DBF2EFD99E01}.Release|Any CPU.ActiveCfg = Release|Any CPU
		{3837D72F-679E-4DED-AFC7-DBF2EFD99E01}.Release|Any CPU.Build.0 = Release|Any CPU
		{746F9707-EDBC-4AA0-BA7A-FAEA6228FEE9}.Debug|Any CPU.ActiveCfg = Debug|Any CPU
		{746F9707-EDBC-4AA0-BA7A-FAEA6228FEE9}.Debug|Any CPU.Build.0 = Debug|Any CPU
		{746F9707-EDBC-4AA0-BA7A-FAEA6228FEE9}.Release|Any CPU.ActiveCfg = Release|Any CPU
		{746F9707-EDBC-4AA0-BA7A-FAEA6228FEE9}.Release|Any CPU.Build.0 = Release|Any CPU
		{37E4AA20-0E2D-4CF2-BA0E-AA5CF6ACDF70}.Debug|Any CPU.ActiveCfg = Debug|Any CPU
		{37E4AA20-0E2D-4CF2-BA0E-AA5CF6ACDF70}.Debug|Any CPU.Build.0 = Debug|Any CPU
		{37E4AA20-0E2D-4CF2-BA0E-AA5CF6ACDF70}.Release|Any CPU.ActiveCfg = Release|Any CPU
		{37E4AA20-0E2D-4CF2-BA0E-AA5CF6ACDF70}.Release|Any CPU.Build.0 = Release|Any CPU
		{37B80F93-CE1B-48FC-BC07-2139306078C2}.Debug|Any CPU.ActiveCfg = Debug|Any CPU
		{37B80F93-CE1B-48FC-BC07-2139306078C2}.Debug|Any CPU.Build.0 = Debug|Any CPU
		{37B80F93-CE1B-48FC-BC07-2139306078C2}.Release|Any CPU.ActiveCfg = Release|Any CPU
		{37B80F93-CE1B-48FC-BC07-2139306078C2}.Release|Any CPU.Build.0 = Release|Any CPU
		{E0CC531C-F7C3-4E65-85D0-67083F2D67E7}.Debug|Any CPU.ActiveCfg = Debug|Any CPU
		{E0CC531C-F7C3-4E65-85D0-67083F2D67E7}.Debug|Any CPU.Build.0 = Debug|Any CPU
		{E0CC531C-F7C3-4E65-85D0-67083F2D67E7}.Release|Any CPU.ActiveCfg = Release|Any CPU
		{E0CC531C-F7C3-4E65-85D0-67083F2D67E7}.Release|Any CPU.Build.0 = Release|Any CPU
	EndGlobalSection
	GlobalSection(SolutionProperties) = preSolution
		HideSolutionNode = FALSE
	EndGlobalSection
	GlobalSection(NestedProjects) = preSolution
		{BCA99241-2843-4AB4-8724-1031FF24EB4D} = {C7D08615-3B28-4AEC-BE04-94E392D52EAE}
		{D41F5263-75F8-4BD7-8E1A-5C2FC4CE394A} = {C7D08615-3B28-4AEC-BE04-94E392D52EAE}
		{9A66F6A1-A51F-4714-A4F4-CEBE26A99E48} = {C7D08615-3B28-4AEC-BE04-94E392D52EAE}
		{E3D87722-3DD9-420B-B9D9-E1271E87069E} = {C7D08615-3B28-4AEC-BE04-94E392D52EAE}
		{8727F1EB-5CF1-4197-98B8-A41CC55D7714} = {C7D08615-3B28-4AEC-BE04-94E392D52EAE}
		{4F04C36C-2F73-4B2E-AC5E-BFC5C8996C8D} = {C7D08615-3B28-4AEC-BE04-94E392D52EAE}
		{428010C5-CF5E-4809-8BD4-9170C2767C93} = {C7D08615-3B28-4AEC-BE04-94E392D52EAE}
		{3837D72F-679E-4DED-AFC7-DBF2EFD99E01} = {4A8E283A-6932-4D51-BED3-3503719CECD4}
		{746F9707-EDBC-4AA0-BA7A-FAEA6228FEE9} = {4A8E283A-6932-4D51-BED3-3503719CECD4}
		{37E4AA20-0E2D-4CF2-BA0E-AA5CF6ACDF70} = {4A8E283A-6932-4D51-BED3-3503719CECD4}
		{37B80F93-CE1B-48FC-BC07-2139306078C2} = {4A8E283A-6932-4D51-BED3-3503719CECD4}
		{E0CC531C-F7C3-4E65-85D0-67083F2D67E7} = {4A8E283A-6932-4D51-BED3-3503719CECD4}
	EndGlobalSection
	GlobalSection(ExtensibilityGlobals) = postSolution
		SolutionGuid = {739766A6-82DC-4D0E-B626-04D442DC0C5E}
	EndGlobalSection
EndGlobal
